{
  "name": "pangu.skill",
  "version": "0.0.0",
  "lockfileVersion": 3,
  "requires": true,
  "packages": {
    "": {
      "name": "pangu.skill",
      "version": "0.0.0",
      "license": "MIT",
      "devDependencies": {
        "pangu": "8.2.0"
      }
    },
    "node_modules/pangu": {
      "version": "8.2.0",
      "resolved": "https://registry.npmjs.org/pangu/-/pangu-8.2.0.tgz",
      "integrity": "sha512-zhpZN89y2VYxDTX5wt91Ag0M0phIB/ISUFv81ksSsSS3ryRlfW/uVsHwA+hol6L4yVz/3em+A0VM49B4yUi/wA==",
      "dev": true,
      "license": "MIT",
      "bin": {
        "pangu": "dist/node/cli.js"
      },
      "engines": {
        "node": ">=18.0.0"
      }
    }
  }
}
