{
  "name": "pangu.skill",
  "version": "0.0.0",
  "lockfileVersion": 3,
  "requires": true,
  "packages": {
    "": {
      "name": "pangu.skill",
      "version": "0.0.0",
      "license": "MIT",
      "devDependencies": {
        "pangu": "9.0.0"
      }
    },
    "node_modules/pangu": {
      "version": "9.0.0",
      "resolved": "https://registry.npmjs.org/pangu/-/pangu-9.0.0.tgz",
      "integrity": "sha512-VEkgcpBLXV6anBj/ZOgDhdWtmmewNd5OpJHC9L3Aa6WoLondpPF3uYlpZKBJt9qxv0pj23TB4knaQe+ntTZEYg==",
      "dev": true,
      "license": "MIT",
      "bin": {
        "pangu": "dist/node/cli.js"
      },
      "engines": {
        "node": ">=20.0.0"
      }
    }
  }
}
