{
  "name": "pangu.skill",
  "version": "0.0.0",
  "lockfileVersion": 3,
  "requires": true,
  "packages": {
    "": {
      "name": "pangu.skill",
      "version": "0.0.0",
      "license": "MIT",
      "devDependencies": {
        "pangu": "10.1.1"
      }
    },
    "node_modules/pangu": {
      "version": "10.1.1",
      "resolved": "https://registry.npmjs.org/pangu/-/pangu-10.1.1.tgz",
      "integrity": "sha512-lyaxUedpLBRav2MUcuLTbzhZUvAGAd5DGIPKQNcXxyL3k91hRtLne5kPG8xxSiIzGA6w4VaQuq0I0UvdzsknJw==",
      "dev": true,
      "license": "MIT",
      "bin": {
        "pangu": "dist/node/cli.js",
        "pangu-js": "dist/node/cli.js"
      },
      "engines": {
        "node": ">=20.0.0"
      }
    }
  }
}
